
Microsoft Visual Studio Solution File, Format Version 12.00
# Visual Studio Version 17
VisualStudioVersion = 17.3.32929.385
MinimumVisualStudioVersion = 10.0.40219.1
Project("{FAE04EC0-301F-11D3-BF4B-00C04F79EFBC}") = "Ejercicio1", "Ejercicio1\Ejercicio1.csproj", "{F9C408F3-4143-4504-BEF0-039C7EF3B4EC}"
EndProject
Project("{FAE04EC0-301F-11D3-BF4B-00C04F79EFBC}") = "Ejercici2", "Ejercici2\Ejercici2.csproj", "{76A9C70A-4F39-4761-8499-6BA5C7832C6D}"
EndProject
Project("{FAE04EC0-301F-11D3-BF4B-00C04F79EFBC}") = "Ejercicio3", "Ejercicio3\Ejercicio3.csproj", "{894190C0-8777-4EEB-B39F-58B336EDAC5E}"
EndProject
Project("{FAE04EC0-301F-11D3-BF4B-00C04F79EFBC}") = "Ejercicio4", "Ejercicio4\Ejercicio4.csproj", "{9F08A317-D322-4EED-BBCB-031F8FF38223}"
EndProject
Project("{FAE04EC0-301F-11D3-BF4B-00C04F79EFBC}") = "Ejercicio 5", "Ejercicio 5\Ejercicio 5.csproj", "{17315C01-4641-4F2D-B7EF-DFE2225B3FB6}"
EndProject
Global
	GlobalSection(SolutionConfigurationPlatforms) = preSolution
		Debug|Any CPU = Debug|Any CPU
		Release|Any CPU = Release|Any CPU
	EndGlobalSection
	GlobalSection(ProjectConfigurationPlatforms) = postSolution
		{F9C408F3-4143-4504-BEF0-039C7EF3B4EC}.Debug|Any CPU.ActiveCfg = Debug|Any CPU
		{F9C408F3-4143-4504-BEF0-039C7EF3B4EC}.Debug|Any CPU.Build.0 = Debug|Any CPU
		{F9C408F3-4143-4504-BEF0-039C7EF3B4EC}.Release|Any CPU.ActiveCfg = Release|Any CPU
		{F9C408F3-4143-4504-BEF0-039C7EF3B4EC}.Release|Any CPU.Build.0 = Release|Any CPU
		{76A9C70A-4F39-4761-8499-6BA5C7832C6D}.Debug|Any CPU.ActiveCfg = Debug|Any CPU
		{76A9C70A-4F39-4761-8499-6BA5C7832C6D}.Debug|Any CPU.Build.0 = Debug|Any CPU
		{76A9C70A-4F39-4761-8499-6BA5C7832C6D}.Release|Any CPU.ActiveCfg = Release|Any CPU
		{76A9C70A-4F39-4761-8499-6BA5C7832C6D}.Release|Any CPU.Build.0 = Release|Any CPU
		{894190C0-8777-4EEB-B39F-58B336EDAC5E}.Debug|Any CPU.ActiveCfg = Debug|Any CPU
		{894190C0-8777-4EEB-B39F-58B336EDAC5E}.Debug|Any CPU.Build.0 = Debug|Any CPU
		{894190C0-8777-4EEB-B39F-58B336EDAC5E}.Release|Any CPU.ActiveCfg = Release|Any CPU
		{894190C0-8777-4EEB-B39F-58B336EDAC5E}.Release|Any CPU.Build.0 = Release|Any CPU
		{9F08A317-D322-4EED-BBCB-031F8FF38223}.Debug|Any CPU.ActiveCfg = Debug|Any CPU
		{9F08A317-D322-4EED-BBCB-031F8FF38223}.Debug|Any CPU.Build.0 = Debug|Any CPU
		{9F08A317-D322-4EED-BBCB-031F8FF38223}.Release|Any CPU.ActiveCfg = Release|Any CPU
		{9F08A317-D322-4EED-BBCB-031F8FF38223}.Release|Any CPU.Build.0 = Release|Any CPU
		{17315C01-4641-4F2D-B7EF-DFE2225B3FB6}.Debug|Any CPU.ActiveCfg = Debug|Any CPU
		{17315C01-4641-4F2D-B7EF-DFE2225B3FB6}.Debug|Any CPU.Build.0 = Debug|Any CPU
		{17315C01-4641-4F2D-B7EF-DFE2225B3FB6}.Release|Any CPU.ActiveCfg = Release|Any CPU
		{17315C01-4641-4F2D-B7EF-DFE2225B3FB6}.Release|Any CPU.Build.0 = Release|Any CPU
	EndGlobalSection
	GlobalSection(SolutionProperties) = preSolution
		HideSolutionNode = FALSE
	EndGlobalSection
	GlobalSection(ExtensibilityGlobals) = postSolution
		SolutionGuid = {3B044845-2959-4AA2-8372-F3CF960D25CF}
	EndGlobalSection
EndGlobal
